// !$*UTF8*$!
{
	archiveVersion = 1;
	classes = {
	};
	objectVersion = 46;
	objects = {

/* Begin PBXBuildFile section */
		06D9D7FB3DDD98B9FFF25B79 /* App */ = {isa = PBXBuildFile; fileRef = 3A535977AD249D0D1D8A4274; };
		087968ADAEACCEA7EC52ED10 /* include_juce_audio_devices.mm */ = {isa = PBXBuildFile; fileRef = B3668CB7BF4A9629AC56E676; };
		09B3A7D8F99E58304B300B8C /* include_juce_opengl.mm */ = {isa = PBXBuildFile; fileRef = E259CA4E960C43EF8FDF7E07; };
		0C82C0650EEFE88F7CB980D0 /* WebKit.framework */ = {isa = PBXBuildFile; fileRef = C716663F52BF0821E20987F0; };
		0F337C6E74873DDF5C47B2BB /* CoreMedia.framework */ = {isa = PBXBuildFile; fileRef = C47322F9208179826358DBF6; };
		1F5A7571D8B880A9BC4FCE54 /* IOKit.framework */ = {isa = PBXBuildFile; fileRef = 75E42C04463F4A6104032331; };
		31E24957364BDB979CF6F753 /* include_juce_cryptography.mm */ = {isa = PBXBuildFile; fileRef = 9B909C81DB48C973C8D9E1D9; };
		377DB13BF5C6BC72C538108C /* RecentFilesMenuTemplate.nib */ = {isa = PBXBuildFile; fileRef = 3B3F00B3BA676E9E18EBBC87; };
		3FFD2907FA0C2A103150DC0A /* include_juce_data_structures.mm */ = {isa = PBXBuildFile; fileRef = 035343EE7AC322FBF0D1AB46; };
		51D5A31291EAAE0E5D699CE9 /* Accelerate.framework */ = {isa = PBXBuildFile; fileRef = 00F696CABA4ECA1461074B99; };
		5819F7F24196EEC2DAE0AF9C /* include_juce_video.mm */ = {isa = PBXBuildFile; fileRef = 0A82450BB4014D6058EDDF0D; };
		58F8D39EF671A9424E944FBF /* Cocoa.framework */ = {isa = PBXBuildFile; fileRef = A3993F2EED2F10A1EBE3E09F; };
		621C9DFB9DF24DA58B20C99B /* QuartzCore.framework */ = {isa = PBXBuildFile; fileRef = BC9DCF05F752623EE0F765F8; };
		67D535CFFC0A1EA2193E511A /* include_juce_audio_formats.mm */ = {isa = PBXBuildFile; fileRef = 68DBFAA88884164C66E79BBD; };
		6CF5CA8BA25D5AD1158EF251 /* include_juce_audio_processors.mm */ = {isa = PBXBuildFile; fileRef = 826674114C9A1BC4DAA2ABF4; };
		6EEBE7FFA639858B5E58B780 /* AlphaLiveLookandFeel.cpp */ = {isa = PBXBuildFile; fileRef = ABE0C58289EC624054D7072A; };
		7A3001CE946464123116A6B6 /* include_juce_gui_basics.mm */ = {isa = PBXBuildFile; fileRef = FBBC6B49030BBE8248ACA705; };
		8917C028715A1CF56275A320 /* CoreMIDI.framework */ = {isa = PBXBuildFile; fileRef = 042407617BDFDD6BF5B34F1C; };
		9D8C9817C1DDE7151A62EB07 /* include_juce_events.mm */ = {isa = PBXBuildFile; fileRef = 6A12888E353209C3AC3DB20F; };
		A36A6EFE90D98B673F60E9F4 /* Foundation.framework */ = {isa = PBXBuildFile; fileRef = 632B3725E1DDFA0B7253558E; };
		A36C5CD61ED68AB81BDF7DF3 /* BinaryData.cpp */ = {isa = PBXBuildFile; fileRef = F597E6D13C6575DD70665AFB; };
		A480612AD54EB4C3FE595E75 /* include_juce_audio_basics.mm */ = {isa = PBXBuildFile; fileRef = 93998A338C7A7A6A7118D5B9; };
		B6B6F9D75A3271F7553C0555 /* Carbon.framework */ = {isa = PBXBuildFile; fileRef = 676F47D18518927823A242A4; };
		C591241AFC21DF819E9270D5 /* AVKit.framework */ = {isa = PBXBuildFile; fileRef = 58A282BB8F5B63598C575B4C; };
		CA59F3CACEC8DCD6B510950B /* MainComponent.cpp */ = {isa = PBXBuildFile; fileRef = 6DC29588A1760BAF156C0893; };
		CB10FEA2496A35CE9BCA9CC8 /* CoreAudio.framework */ = {isa = PBXBuildFile; fileRef = 90D440CD8F9B33679CCB77D4; };
		CE8BAFE642D2FFC789C220D5 /* AVFoundation.framework */ = {isa = PBXBuildFile; fileRef = 39C513D5E0608AE13BD2569C; };
		D205BE9FC65D8E40E3137B8F /* AudioToolbox.framework */ = {isa = PBXBuildFile; fileRef = B0C3374E2276756AB9D08185; };
		D504F916F61DC28421DC10A8 /* Main.cpp */ = {isa = PBXBuildFile; fileRef = 3F57EB6A7098D2A47A3835B0; };
		E029FAAA84550794F87D266F /* include_juce_gui_extra.mm */ = {isa = PBXBuildFile; fileRef = 91DDA967BD3FD2081874116E; };
		E237B011F75147B89C7FD3BB /* include_juce_graphics.mm */ = {isa = PBXBuildFile; fileRef = 6A69A0264E6FFF60B65D6CD1; };
		E782A7B562A1D653C7D9A971 /* include_juce_core.mm */ = {isa = PBXBuildFile; fileRef = B9F20BE712D30DB8DCAACD26; };
		F06E1D10B754DC264EDAAEEF /* OpenGL.framework */ = {isa = PBXBuildFile; fileRef = F1E11CFCBDD094B69F0E9ED6; };
/* End PBXBuildFile section */

/* Begin PBXFileReference section */
		00F696CABA4ECA1461074B99 /* Accelerate.framework */ /* Accelerate.framework */ = {isa = PBXFileReference; lastKnownFileType = wrapper.framework; name = Accelerate.framework; path = System/Library/Frameworks/Accelerate.framework; sourceTree = SDKROOT; };
		035343EE7AC322FBF0D1AB46 /* include_juce_data_structures.mm */ /* include_juce_data_structures.mm */ = {isa = PBXFileReference; lastKnownFileType = sourcecode.cpp.objcpp; name = include_juce_data_structures.mm; path = ../../JuceLibraryCode/include_juce_data_structures.mm; sourceTree = SOURCE_ROOT; };
		042407617BDFDD6BF5B34F1C /* CoreMIDI.framework */ /* CoreMIDI.framework */ = {isa = PBXFileReference; lastKnownFileType = wrapper.framework; name = CoreMIDI.framework; path = System/Library/Frameworks/CoreMIDI.framework; sourceTree = SDKROOT; };
		0A82450BB4014D6058EDDF0D /* include_juce_video.mm */ /* include_juce_video.mm */ = {isa = PBXFileReference; lastKnownFileType = sourcecode.cpp.objcpp; name = include_juce_video.mm; path = ../../JuceLibraryCode/include_juce_video.mm; sourceTree = SOURCE_ROOT; };
		0EA05BFC2430E470F7B6E0AF /* JuceHeader.h */ /* JuceHeader.h */ = {isa = PBXFileReference; lastKnownFileType = sourcecode.c.h; name = JuceHeader.h; path = ../../JuceLibraryCode/JuceHeader.h; sourceTree = SOURCE_ROOT; };
		2074097AD7FEF5D0DAA9C987 /* BinaryData.h */ /* BinaryData.h */ = {isa = PBXFileReference; lastKnownFileType = sourcecode.c.h; name = BinaryData.h; path = ../../Source/BinaryData.h; sourceTree = SOURCE_ROOT; };
		258A16C241BA6760D2610FDF /* juce_audio_processors */ /* juce_audio_processors */ = {isa = PBXFileReference; lastKnownFileType = folder; name = juce_audio_processors; path = ../../JuceLibraryCode/modules/juce_audio_processors; sourceTree = SOURCE_ROOT; };
		2731B241A1C69E54DEB0710D /* juce_audio_formats */ /* juce_audio_formats */ = {isa = PBXFileReference; lastKnownFileType = folder; name = juce_audio_formats; path = ../../JuceLibraryCode/modules/juce_audio_formats; sourceTree = SOURCE_ROOT; };
		27F52E60991AEF1A8B68F1BA /* juce_video */ /* juce_video */ = {isa = PBXFileReference; lastKnownFileType = folder; name = juce_video; path = ../../JuceLibraryCode/modules/juce_video; sourceTree = SOURCE_ROOT; };
		39C513D5E0608AE13BD2569C /* AVFoundation.framework */ /* AVFoundation.framework */ = {isa = PBXFileReference; lastKnownFileType = wrapper.framework; name = AVFoundation.framework; path = System/Library/Frameworks/AVFoundation.framework; sourceTree = SDKROOT; };
		3A535977AD249D0D1D8A4274 /* App */ = {isa = PBXFileReference; explicitFileType = wrapper.application; includeInIndex = 0; path = "AlphaLive Updater.app"; sourceTree = BUILT_PRODUCTS_DIR; };
		3B3F00B3BA676E9E18EBBC87 /* RecentFilesMenuTemplate.nib */ /* RecentFilesMenuTemplate.nib */ = {isa = PBXFileReference; lastKnownFileType = file.nib; name = RecentFilesMenuTemplate.nib; path = RecentFilesMenuTemplate.nib; sourceTree = SOURCE_ROOT; };
		3F57EB6A7098D2A47A3835B0 /* Main.cpp */ /* Main.cpp */ = {isa = PBXFileReference; lastKnownFileType = sourcecode.cpp.cpp; name = Main.cpp; path = ../../Source/Main.cpp; sourceTree = SOURCE_ROOT; };
		414D914829C9BC764B736C34 /* juce_audio_basics */ /* juce_audio_basics */ = {isa = PBXFileReference; lastKnownFileType = folder; name = juce_audio_basics; path = ../../JuceLibraryCode/modules/juce_audio_basics; sourceTree = SOURCE_ROOT; };
		44EF2E69E5FE9B08A25F51F4 /* juce_data_structures */ /* juce_data_structures */ = {isa = PBXFileReference; lastKnownFileType = folder; name = juce_data_structures; path = ../../JuceLibraryCode/modules/juce_data_structures; sourceTree = SOURCE_ROOT; };
		498190B68896E09FFD201101 /* juce_cryptography */ /* juce_cryptography */ = {isa = PBXFileReference; lastKnownFileType = folder; name = juce_cryptography; path = ../../JuceLibraryCode/modules/juce_cryptography; sourceTree = SOURCE_ROOT; };
		535654AD40AFFD0EF0EA1F8F /* Info-App.plist */ /* Info-App.plist */ = {isa = PBXFileReference; lastKnownFileType = text.plist.xml; name = "Info-App.plist"; path = "Info-App.plist"; sourceTree = SOURCE_ROOT; };
		58A282BB8F5B63598C575B4C /* AVKit.framework */ /* AVKit.framework */ = {isa = PBXFileReference; lastKnownFileType = wrapper.framework; name = AVKit.framework; path = System/Library/Frameworks/AVKit.framework; sourceTree = SDKROOT; };
		5A0E75F157167E687BE902BA /* juce_gui_extra */ /* juce_gui_extra */ = {isa = PBXFileReference; lastKnownFileType = folder; name = juce_gui_extra; path = ../../JuceLibraryCode/modules/juce_gui_extra; sourceTree = SOURCE_ROOT; };
		632B3725E1DDFA0B7253558E /* Foundation.framework */ /* Foundation.framework */ = {isa = PBXFileReference; lastKnownFileType = wrapper.framework; name = Foundation.framework; path = System/Library/Frameworks/Foundation.framework; sourceTree = SDKROOT; };
		676F47D18518927823A242A4 /* Carbon.framework */ /* Carbon.framework */ = {isa = PBXFileReference; lastKnownFileType = wrapper.framework; name = Carbon.framework; path = System/Library/Frameworks/Carbon.framework; sourceTree = SDKROOT; };
		68DBFAA88884164C66E79BBD /* include_juce_audio_formats.mm */ /* include_juce_audio_formats.mm */ = {isa = PBXFileReference; lastKnownFileType = sourcecode.cpp.objcpp; name = include_juce_audio_formats.mm; path = ../../JuceLibraryCode/include_juce_audio_formats.mm; sourceTree = SOURCE_ROOT; };
		69F568F8A13B46CAB2E7F72D /* juce_events */ /* juce_events */ = {isa = PBXFileReference; lastKnownFileType = folder; name = juce_events; path = ../../JuceLibraryCode/modules/juce_events; sourceTree = SOURCE_ROOT; };
		6A12888E353209C3AC3DB20F /* include_juce_events.mm */ /* include_juce_events.mm */ = {isa = PBXFileReference; lastKnownFileType = sourcecode.cpp.objcpp; name = include_juce_events.mm; path = ../../JuceLibraryCode/include_juce_events.mm; sourceTree = SOURCE_ROOT; };
		6A69A0264E6FFF60B65D6CD1 /* include_juce_graphics.mm */ /* include_juce_graphics.mm */ = {isa = PBXFileReference; lastKnownFileType = sourcecode.cpp.objcpp; name = include_juce_graphics.mm; path = ../../JuceLibraryCode/include_juce_graphics.mm; sourceTree = SOURCE_ROOT; };
		6DC29588A1760BAF156C0893 /* MainComponent.cpp */ /* MainComponent.cpp */ = {isa = PBXFileReference; lastKnownFileType = sourcecode.cpp.cpp; name = MainComponent.cpp; path = ../../Source/MainComponent.cpp; sourceTree = SOURCE_ROOT; };
		75E42C04463F4A6104032331 /* IOKit.framework */ /* IOKit.framework */ = {isa = PBXFileReference; lastKnownFileType = wrapper.framework; name = IOKit.framework; path = System/Library/Frameworks/IOKit.framework; sourceTree = SDKROOT; };
		7CD1B890636B8D1BF1F95BC3 /* MainComponent.h */ /* MainComponent.h */ = {isa = PBXFileReference; lastKnownFileType = sourcecode.c.h; name = MainComponent.h; path = ../../Source/MainComponent.h; sourceTree = SOURCE_ROOT; };
		826674114C9A1BC4DAA2ABF4 /* include_juce_audio_processors.mm */ /* include_juce_audio_processors.mm */ = {isa = PBXFileReference; lastKnownFileType = sourcecode.cpp.objcpp; name = include_juce_audio_processors.mm; path = ../../JuceLibraryCode/include_juce_audio_processors.mm; sourceTree = SOURCE_ROOT; };
		90D440CD8F9B33679CCB77D4 /* CoreAudio.framework */ /* CoreAudio.framework */ = {isa = PBXFileReference; lastKnownFileType = wrapper.framework; name = CoreAudio.framework; path = System/Library/Frameworks/CoreAudio.framework; sourceTree = SDKROOT; };
		91DDA967BD3FD2081874116E /* include_juce_gui_extra.mm */ /* include_juce_gui_extra.mm */ = {isa = PBXFileReference; lastKnownFileType = sourcecode.cpp.objcpp; name = include_juce_gui_extra.mm; path = ../../JuceLibraryCode/include_juce_gui_extra.mm; sourceTree = SOURCE_ROOT; };
		93998A338C7A7A6A7118D5B9 /* include_juce_audio_basics.mm */ /* include_juce_audio_basics.mm */ = {isa = PBXFileReference; lastKnownFileType = sourcecode.cpp.objcpp; name = include_juce_audio_basics.mm; path = ../../JuceLibraryCode/include_juce_audio_basics.mm; sourceTree = SOURCE_ROOT; };
		994DEBDB24B1834855B97F9C /* juce_gui_basics */ /* juce_gui_basics */ = {isa = PBXFileReference; lastKnownFileType = folder; name = juce_gui_basics; path = ../../JuceLibraryCode/modules/juce_gui_basics; sourceTree = SOURCE_ROOT; };
		9B909C81DB48C973C8D9E1D9 /* include_juce_cryptography.mm */ /* include_juce_cryptography.mm */ = {isa = PBXFileReference; lastKnownFileType = sourcecode.cpp.objcpp; name = include_juce_cryptography.mm; path = ../../JuceLibraryCode/include_juce_cryptography.mm; sourceTree = SOURCE_ROOT; };
		A3993F2EED2F10A1EBE3E09F /* Cocoa.framework */ /* Cocoa.framework */ = {isa = PBXFileReference; lastKnownFileType = wrapper.framework; name = Cocoa.framework; path = System/Library/Frameworks/Cocoa.framework; sourceTree = SDKROOT; };
		A645B51D378310AE527246A7 /* AlphaLiveLookandFeel.h */ /* AlphaLiveLookandFeel.h */ = {isa = PBXFileReference; lastKnownFileType = sourcecode.c.h; name = AlphaLiveLookandFeel.h; path = ../../Source/AlphaLiveLookandFeel.h; sourceTree = SOURCE_ROOT; };
		AB9935B323DD2BED134BB017 /* juce_opengl */ /* juce_opengl */ = {isa = PBXFileReference; lastKnownFileType = folder; name = juce_opengl; path = ../../JuceLibraryCode/modules/juce_opengl; sourceTree = SOURCE_ROOT; };
		ABE0C58289EC624054D7072A /* AlphaLiveLookandFeel.cpp */ /* AlphaLiveLookandFeel.cpp */ = {isa = PBXFileReference; lastKnownFileType = sourcecode.cpp.cpp; name = AlphaLiveLookandFeel.cpp; path = ../../Source/AlphaLiveLookandFeel.cpp; sourceTree = SOURCE_ROOT; };
		B0C3374E2276756AB9D08185 /* AudioToolbox.framework */ /* AudioToolbox.framework */ = {isa = PBXFileReference; lastKnownFileType = wrapper.framework; name = AudioToolbox.framework; path = System/Library/Frameworks/AudioToolbox.framework; sourceTree = SDKROOT; };
		B3668CB7BF4A9629AC56E676 /* include_juce_audio_devices.mm */ /* include_juce_audio_devices.mm */ = {isa = PBXFileReference; lastKnownFileType = sourcecode.cpp.objcpp; name = include_juce_audio_devices.mm; path = ../../JuceLibraryCode/include_juce_audio_devices.mm; sourceTree = SOURCE_ROOT; };
		B9F20BE712D30DB8DCAACD26 /* include_juce_core.mm */ /* include_juce_core.mm */ = {isa = PBXFileReference; lastKnownFileType = sourcecode.cpp.objcpp; name = include_juce_core.mm; path = ../../JuceLibraryCode/include_juce_core.mm; sourceTree = SOURCE_ROOT; };
		BC9DCF05F752623EE0F765F8 /* QuartzCore.framework */ /* QuartzCore.framework */ = {isa = PBXFileReference; lastKnownFileType = wrapper.framework; name = QuartzCore.framework; path = System/Library/Frameworks/QuartzCore.framework; sourceTree = SDKROOT; };
		C47322F9208179826358DBF6 /* CoreMedia.framework */ /* CoreMedia.framework */ = {isa = PBXFileReference; lastKnownFileType = wrapper.framework; name = CoreMedia.framework; path = System/Library/Frameworks/CoreMedia.framework; sourceTree = SDKROOT; };
		C716663F52BF0821E20987F0 /* WebKit.framework */ /* WebKit.framework */ = {isa = PBXFileReference; lastKnownFileType = wrapper.framework; name = WebKit.framework; path = System/Library/Frameworks/WebKit.framework; sourceTree = SDKROOT; };
		C90A5A02ECE8A2136B903A2B /* juce_audio_devices */ /* juce_audio_devices */ = {isa = PBXFileReference; lastKnownFileType = folder; name = juce_audio_devices; path = ../../JuceLibraryCode/modules/juce_audio_devices; sourceTree = SOURCE_ROOT; };
		CCAE0F5500FB72079236DA8C /* juce_graphics */ /* juce_graphics */ = {isa = PBXFileReference; lastKnownFileType = folder; name = juce_graphics; path = ../../JuceLibraryCode/modules/juce_graphics; sourceTree = SOURCE_ROOT; };
		CF393804532A894B158C254F /* AppConfig.h */ /* AppConfig.h */ = {isa = PBXFileReference; lastKnownFileType = sourcecode.c.h; name = AppConfig.h; path = ../../JuceLibraryCode/AppConfig.h; sourceTree = SOURCE_ROOT; };
		E259CA4E960C43EF8FDF7E07 /* include_juce_opengl.mm */ /* include_juce_opengl.mm */ = {isa = PBXFileReference; lastKnownFileType = sourcecode.cpp.objcpp; name = include_juce_opengl.mm; path = ../../JuceLibraryCode/include_juce_opengl.mm; sourceTree = SOURCE_ROOT; };
		F1E11CFCBDD094B69F0E9ED6 /* OpenGL.framework */ /* OpenGL.framework */ = {isa = PBXFileReference; lastKnownFileType = wrapper.framework; name = OpenGL.framework; path = System/Library/Frameworks/OpenGL.framework; sourceTree = SDKROOT; };
		F597E6D13C6575DD70665AFB /* BinaryData.cpp */ /* BinaryData.cpp */ = {isa = PBXFileReference; lastKnownFileType = sourcecode.cpp.cpp; name = BinaryData.cpp; path = ../../Source/BinaryData.cpp; sourceTree = SOURCE_ROOT; };
		FBBC6B49030BBE8248ACA705 /* include_juce_gui_basics.mm */ /* include_juce_gui_basics.mm */ = {isa = PBXFileReference; lastKnownFileType = sourcecode.cpp.objcpp; name = include_juce_gui_basics.mm; path = ../../JuceLibraryCode/include_juce_gui_basics.mm; sourceTree = SOURCE_ROOT; };
		FF5F0D45AC00B0F74254132C /* juce_core */ /* juce_core */ = {isa = PBXFileReference; lastKnownFileType = folder; name = juce_core; path = ../../JuceLibraryCode/modules/juce_core; sourceTree = SOURCE_ROOT; };
/* End PBXFileReference section */

/* Begin PBXFrameworksBuildPhase section */
		0C1F804A10E0CD7109564A2A = {
			isa = PBXFrameworksBuildPhase;
			buildActionMask = 2147483647;
			files = (
				51D5A31291EAAE0E5D699CE9,
				D205BE9FC65D8E40E3137B8F,
				CE8BAFE642D2FFC789C220D5,
				C591241AFC21DF819E9270D5,
				B6B6F9D75A3271F7553C0555,
				58F8D39EF671A9424E944FBF,
				CB10FEA2496A35CE9BCA9CC8,
				0F337C6E74873DDF5C47B2BB,
				8917C028715A1CF56275A320,
				A36A6EFE90D98B673F60E9F4,
				1F5A7571D8B880A9BC4FCE54,
				F06E1D10B754DC264EDAAEEF,
				621C9DFB9DF24DA58B20C99B,
				0C82C0650EEFE88F7CB980D0,
			);
			runOnlyForDeploymentPostprocessing = 0;
		};
/* End PBXFrameworksBuildPhase section */

/* Begin PBXGroup section */
		447C0B72B809651CF531E595 /* JUCE Modules */ = {
			isa = PBXGroup;
			children = (
				414D914829C9BC764B736C34,
				C90A5A02ECE8A2136B903A2B,
				2731B241A1C69E54DEB0710D,
				258A16C241BA6760D2610FDF,
				FF5F0D45AC00B0F74254132C,
				498190B68896E09FFD201101,
				44EF2E69E5FE9B08A25F51F4,
				69F568F8A13B46CAB2E7F72D,
				CCAE0F5500FB72079236DA8C,
				994DEBDB24B1834855B97F9C,
				5A0E75F157167E687BE902BA,
				AB9935B323DD2BED134BB017,
				27F52E60991AEF1A8B68F1BA,
			);
			name = "JUCE Modules";
			sourceTree = "<group>";
		};
		6A86FD58764D445CE7D0B137 /* Products */ = {
			isa = PBXGroup;
			children = (
				3A535977AD249D0D1D8A4274,
			);
			name = Products;
			sourceTree = "<group>";
		};
		721FFF74DB6687C80E35E7F1 /* JUCE Library Code */ = {
			isa = PBXGroup;
			children = (
				CF393804532A894B158C254F,
				93998A338C7A7A6A7118D5B9,
				B3668CB7BF4A9629AC56E676,
				68DBFAA88884164C66E79BBD,
				826674114C9A1BC4DAA2ABF4,
				B9F20BE712D30DB8DCAACD26,
				9B909C81DB48C973C8D9E1D9,
				035343EE7AC322FBF0D1AB46,
				6A12888E353209C3AC3DB20F,
				6A69A0264E6FFF60B65D6CD1,
				FBBC6B49030BBE8248ACA705,
				91DDA967BD3FD2081874116E,
				E259CA4E960C43EF8FDF7E07,
				0A82450BB4014D6058EDDF0D,
				0EA05BFC2430E470F7B6E0AF,
			);
			name = "JUCE Library Code";
			sourceTree = "<group>";
		};
		87C69E4CEE74458A58BB0E7A /* Resources */ = {
			isa = PBXGroup;
			children = (
				535654AD40AFFD0EF0EA1F8F,
				3B3F00B3BA676E9E18EBBC87,
			);
			name = Resources;
			sourceTree = "<group>";
		};
		A03748E67DBEE03EF17C1B8A /* Source */ = {
			isa = PBXGroup;
			children = (
				6DC29588A1760BAF156C0893,
				7CD1B890636B8D1BF1F95BC3,
				3F57EB6A7098D2A47A3835B0,
				ABE0C58289EC624054D7072A,
				A645B51D378310AE527246A7,
				F597E6D13C6575DD70665AFB,
				2074097AD7FEF5D0DAA9C987,
			);
			name = Source;
			sourceTree = "<group>";
		};
		A981A1F114ECD43BC755A4A8 /* Source */ = {
			isa = PBXGroup;
			children = (
				D059E012C59AD9DF0DE456C5,
				447C0B72B809651CF531E595,
				721FFF74DB6687C80E35E7F1,
				87C69E4CEE74458A58BB0E7A,
				F20923D4E7A60025CB66DDBB,
				6A86FD58764D445CE7D0B137,
			);
			name = Source;
			sourceTree = "<group>";
		};
		D059E012C59AD9DF0DE456C5 /* AlphaLive Updater */ = {
			isa = PBXGroup;
			children = (
				A03748E67DBEE03EF17C1B8A,
			);
			name = "AlphaLive Updater";
			sourceTree = "<group>";
		};
		F20923D4E7A60025CB66DDBB /* Frameworks */ = {
			isa = PBXGroup;
			children = (
				00F696CABA4ECA1461074B99,
				B0C3374E2276756AB9D08185,
				39C513D5E0608AE13BD2569C,
				58A282BB8F5B63598C575B4C,
				676F47D18518927823A242A4,
				A3993F2EED2F10A1EBE3E09F,
				90D440CD8F9B33679CCB77D4,
				C47322F9208179826358DBF6,
				042407617BDFDD6BF5B34F1C,
				632B3725E1DDFA0B7253558E,
				75E42C04463F4A6104032331,
				F1E11CFCBDD094B69F0E9ED6,
				BC9DCF05F752623EE0F765F8,
				C716663F52BF0821E20987F0,
			);
			name = Frameworks;
			sourceTree = "<group>";
		};
/* End PBXGroup section */

/* Begin PBXNativeTarget section */
		99C200763A62C32639434D9A /* AlphaLive Updater - App */ = {
			isa = PBXNativeTarget;
			buildConfigurationList = 2D0BF87967E985EE9B8DBB51;
			buildPhases = (
				37C90A64495CEE4EE422F86A,
				A4423F7F2E3DDA0A10730ABC,
				0C1F804A10E0CD7109564A2A,
			);
			buildRules = (
			);
			dependencies = (
			);
			name = "AlphaLive Updater - App";
			productName = "AlphaLive Updater";
			productReference = 3A535977AD249D0D1D8A4274;
			productType = "com.apple.product-type.application";
		};
/* End PBXNativeTarget section */

/* Begin PBXProject section */
		F13D752BD02F59328EDE5188 = {
			isa = PBXProject;
			attributes = {
				LastUpgradeCheck = 1240;
				ORGANIZATIONNAME = "nu desine";
				TargetAttributes = {
					99C200763A62C32639434D9A = {
						SystemCapabilities = {
							com.apple.ApplicationGroups.iOS = {
								enabled = 0;
							};
							com.apple.HardenedRuntime = {
								enabled = 0;
							};
							com.apple.InAppPurchase = {
								enabled = 0;
							};
							com.apple.InterAppAudio = {
								enabled = 0;
							};
							com.apple.Push = {
								enabled = 0;
							};
							com.apple.Sandbox = {
								enabled = 0;
							};
						};
					};
				};
			};
			buildConfigurationList = 5DE39EBA0179FC5D43A159EE;
			compatibilityVersion = "Xcode 3.2";
			hasScannedForEncodings = 0;
			knownRegions = (
				en,
				Base,
			);
			mainGroup = A981A1F114ECD43BC755A4A8;
			projectDirPath = "";
			projectRoot = "";
			targets = (
				99C200763A62C32639434D9A,
			);
		};
/* End PBXProject section */

/* Begin PBXResourcesBuildPhase section */
		37C90A64495CEE4EE422F86A = {
			isa = PBXResourcesBuildPhase;
			buildActionMask = 2147483647;
			files = (
				377DB13BF5C6BC72C538108C,
			);
			runOnlyForDeploymentPostprocessing = 0;
		};
/* End PBXResourcesBuildPhase section */

/* Begin PBXSourcesBuildPhase section */
		A4423F7F2E3DDA0A10730ABC = {
			isa = PBXSourcesBuildPhase;
			buildActionMask = 2147483647;
			files = (
				CA59F3CACEC8DCD6B510950B,
				D504F916F61DC28421DC10A8,
				6EEBE7FFA639858B5E58B780,
				A36C5CD61ED68AB81BDF7DF3,
				A480612AD54EB4C3FE595E75,
				087968ADAEACCEA7EC52ED10,
				67D535CFFC0A1EA2193E511A,
				6CF5CA8BA25D5AD1158EF251,
				E782A7B562A1D653C7D9A971,
				31E24957364BDB979CF6F753,
				3FFD2907FA0C2A103150DC0A,
				9D8C9817C1DDE7151A62EB07,
				E237B011F75147B89C7FD3BB,
				7A3001CE946464123116A6B6,
				E029FAAA84550794F87D266F,
				09B3A7D8F99E58304B300B8C,
				5819F7F24196EEC2DAE0AF9C,
			);
			runOnlyForDeploymentPostprocessing = 0;
		};
/* End PBXSourcesBuildPhase section */

/* Begin XCBuildConfiguration section */
		54EBC27CD951784EE0DCA402 /* Release */ = {
			isa = XCBuildConfiguration;
			buildSettings = {
				CLANG_CXX_LANGUAGE_STANDARD = "c++14";
				CLANG_CXX_LIBRARY = "libc++";
				CLANG_LINK_OBJC_RUNTIME = NO;
				CODE_SIGN_IDENTITY = "";
				COMBINE_HIDPI_IMAGES = YES;
				CONFIGURATION_BUILD_DIR = "$(PROJECT_DIR)/build/$(CONFIGURATION)";
				DEAD_CODE_STRIPPING = YES;
				GCC_GENERATE_DEBUGGING_SYMBOLS = NO;
				GCC_OPTIMIZATION_LEVEL = 3;
				GCC_PREPROCESSOR_DEFINITIONS = (
					"_NDEBUG=1",
					"NDEBUG=1",
					"JUCER_XCODE_MAC_F6D2F4CF=1",
					"JUCE_APP_VERSION=1.1.0",
					"JUCE_APP_VERSION_HEX=0x10100",
					"JucePlugin_Build_VST=0",
					"JucePlugin_Build_VST3=0",
					"JucePlugin_Build_AU=0",
					"JucePlugin_Build_AUv3=0",
					"JucePlugin_Build_RTAS=0",
					"JucePlugin_Build_AAX=0",
					"JucePlugin_Build_Standalone=0",
					"JucePlugin_Build_Unity=0",
				);
				GCC_VERSION = com.apple.compilers.llvm.clang.1_0;
				HEADER_SEARCH_PATHS = (
					"$(SRCROOT)/../../JuceLibraryCode",
					"$(SRCROOT)/../../JuceLibraryCode/modules",
					"$(inherited)",
				);
				INFOPLIST_FILE = Info-App.plist;
				INFOPLIST_PREPROCESS = NO;
				INSTALL_PATH = "$(HOME)/Applications";
				LLVM_LTO = YES;
				MACOSX_DEPLOYMENT_TARGET = 10.9;
				MTL_HEADER_SEARCH_PATHS = "$(SRCROOT)/../../JuceLibraryCode $(SRCROOT)/../../JuceLibraryCode/modules";
				PRODUCT_BUNDLE_IDENTIFIER = com.nu-desine.AlphaLiveUpdater;
				PRODUCT_NAME = "AlphaLive Updater";
				USE_HEADERMAP = NO;
				VALIDATE_WORKSPACE_SKIPPED_SDK_FRAMEWORKS = OpenGL;
				VALID_ARCHS = "i386 x86_64 arm64 arm64e";
			};
			name = Release;
		};
		795244BB67EE85FF8120E7E8 /* Debug */ = {
			isa = XCBuildConfiguration;
			buildSettings = {
				ARCHS = "$(NATIVE_ARCH_ACTUAL)";
				CLANG_CXX_LANGUAGE_STANDARD = "c++14";
				CLANG_CXX_LIBRARY = "libc++";
				CLANG_LINK_OBJC_RUNTIME = NO;
				CODE_SIGN_IDENTITY = "";
				COMBINE_HIDPI_IMAGES = YES;
				CONFIGURATION_BUILD_DIR = "$(PROJECT_DIR)/build/$(CONFIGURATION)";
				COPY_PHASE_STRIP = NO;
				GCC_DYNAMIC_NO_PIC = NO;
				GCC_OPTIMIZATION_LEVEL = 0;
				GCC_PREPROCESSOR_DEFINITIONS = (
					"_DEBUG=1",
					"DEBUG=1",
					"JUCER_XCODE_MAC_F6D2F4CF=1",
					"JUCE_APP_VERSION=1.1.0",
					"JUCE_APP_VERSION_HEX=0x10100",
					"JucePlugin_Build_VST=0",
					"JucePlugin_Build_VST3=0",
					"JucePlugin_Build_AU=0",
					"JucePlugin_Build_AUv3=0",
					"JucePlugin_Build_RTAS=0",
					"JucePlugin_Build_AAX=0",
					"JucePlugin_Build_Standalone=0",
					"JucePlugin_Build_Unity=0",
				);
				GCC_VERSION = com.apple.compilers.llvm.clang.1_0;
				HEADER_SEARCH_PATHS = (
					"$(SRCROOT)/../../JuceLibraryCode",
					"$(SRCROOT)/../../JuceLibraryCode/modules",
					"$(inherited)",
				);
				INFOPLIST_FILE = Info-App.plist;
				INFOPLIST_PREPROCESS = NO;
				INSTALL_PATH = "$(HOME)/Applications";
				MACOSX_DEPLOYMENT_TARGET = 10.9;
				MTL_HEADER_SEARCH_PATHS = "$(SRCROOT)/../../JuceLibraryCode $(SRCROOT)/../../JuceLibraryCode/modules";
				PRODUCT_BUNDLE_IDENTIFIER = com.nu-desine.AlphaLiveUpdater;
				PRODUCT_NAME = "AlphaLive Updater";
				USE_HEADERMAP = NO;
				VALIDATE_WORKSPACE_SKIPPED_SDK_FRAMEWORKS = OpenGL;
				VALID_ARCHS = "i386 x86_64 arm64 arm64e";
			};
			name = Debug;
		};
		AD6CD09F3F55D2158D843621 /* Release */ = {
			isa = XCBuildConfiguration;
			buildSettings = {
				ALWAYS_SEARCH_USER_PATHS = NO;
				CLANG_ENABLE_OBJC_WEAK = YES;
				CLANG_WARN_BLOCK_CAPTURE_AUTORELEASING = YES;
				CLANG_WARN_BOOL_CONVERSION = YES;
				CLANG_WARN_COMMA = YES;
				CLANG_WARN_CONSTANT_CONVERSION = YES;
				CLANG_WARN_DEPRECATED_OBJC_IMPLEMENTATIONS = YES;
				CLANG_WARN_EMPTY_BODY = YES;
				CLANG_WARN_ENUM_CONVERSION = YES;
				CLANG_WARN_INFINITE_RECURSION = YES;
				CLANG_WARN_INT_CONVERSION = YES;
				CLANG_WARN_NON_LITERAL_NULL_CONVERSION = YES;
				CLANG_WARN_OBJC_IMPLICIT_RETAIN_SELF = YES;
				CLANG_WARN_OBJC_LITERAL_CONVERSION = YES;
				CLANG_WARN_RANGE_LOOP_ANALYSIS = YES;
				CLANG_WARN_STRICT_PROTOTYPES = YES;
				CLANG_WARN_SUSPICIOUS_MOVE = YES;
				CLANG_WARN_UNREACHABLE_CODE = YES;
				CLANG_WARN__DUPLICATE_METHOD_MATCH = YES;
				CODE_SIGN_IDENTITY = "";
				DEBUG_INFORMATION_FORMAT = dwarf;
				ENABLE_STRICT_OBJC_MSGSEND = YES;
				ENABLE_TESTABILITY = NO;
				GCC_C_LANGUAGE_STANDARD = c11;
				GCC_INLINES_ARE_PRIVATE_EXTERN = YES;
				GCC_MODEL_TUNING = G5;
				GCC_NO_COMMON_BLOCKS = YES;
				GCC_SYMBOLS_PRIVATE_EXTERN = YES;
				GCC_WARN_64_TO_32_BIT_CONVERSION = YES;
				GCC_WARN_ABOUT_RETURN_TYPE = YES;
				GCC_WARN_CHECK_SWITCH_STATEMENTS = YES;
				GCC_WARN_MISSING_PARENTHESES = YES;
				GCC_WARN_NON_VIRTUAL_DESTRUCTOR = YES;
				GCC_WARN_TYPECHECK_CALLS_TO_PRINTF = YES;
				GCC_WARN_UNDECLARED_SELECTOR = YES;
				GCC_WARN_UNINITIALIZED_AUTOS = YES;
				GCC_WARN_UNUSED_FUNCTION = YES;
				GCC_WARN_UNUSED_VARIABLE = YES;
				PRODUCT_NAME = "AlphaLive Updater";
				SDKROOT = macosx;
				WARNING_CFLAGS = "-Wreorder";
				ZERO_LINK = NO;
			};
			name = Release;
		};
		C20643F7A577E6089581C897 /* Debug */ = {
			isa = XCBuildConfiguration;
			buildSettings = {
				ALWAYS_SEARCH_USER_PATHS = NO;
				CLANG_ENABLE_OBJC_WEAK = YES;
				CLANG_WARN_BLOCK_CAPTURE_AUTORELEASING = YES;
				CLANG_WARN_BOOL_CONVERSION = YES;
				CLANG_WARN_COMMA = YES;
				CLANG_WARN_CONSTANT_CONVERSION = YES;
				CLANG_WARN_DEPRECATED_OBJC_IMPLEMENTATIONS = YES;
				CLANG_WARN_EMPTY_BODY = YES;
				CLANG_WARN_ENUM_CONVERSION = YES;
				CLANG_WARN_INFINITE_RECURSION = YES;
				CLANG_WARN_INT_CONVERSION = YES;
				CLANG_WARN_NON_LITERAL_NULL_CONVERSION = YES;
				CLANG_WARN_OBJC_IMPLICIT_RETAIN_SELF = YES;
				CLANG_WARN_OBJC_LITERAL_CONVERSION = YES;
				CLANG_WARN_RANGE_LOOP_ANALYSIS = YES;
				CLANG_WARN_STRICT_PROTOTYPES = YES;
				CLANG_WARN_SUSPICIOUS_MOVE = YES;
				CLANG_WARN_UNREACHABLE_CODE = YES;
				CLANG_WARN__DUPLICATE_METHOD_MATCH = YES;
				CODE_SIGN_IDENTITY = "";
				DEBUG_INFORMATION_FORMAT = dwarf;
				ENABLE_STRICT_OBJC_MSGSEND = YES;
				ENABLE_TESTABILITY = NO;
				GCC_C_LANGUAGE_STANDARD = c11;
				GCC_INLINES_ARE_PRIVATE_EXTERN = YES;
				GCC_MODEL_TUNING = G5;
				GCC_NO_COMMON_BLOCKS = YES;
				GCC_SYMBOLS_PRIVATE_EXTERN = YES;
				GCC_WARN_64_TO_32_BIT_CONVERSION = YES;
				GCC_WARN_ABOUT_RETURN_TYPE = YES;
				GCC_WARN_CHECK_SWITCH_STATEMENTS = YES;
				GCC_WARN_MISSING_PARENTHESES = YES;
				GCC_WARN_NON_VIRTUAL_DESTRUCTOR = YES;
				GCC_WARN_TYPECHECK_CALLS_TO_PRINTF = YES;
				GCC_WARN_UNDECLARED_SELECTOR = YES;
				GCC_WARN_UNINITIALIZED_AUTOS = YES;
				GCC_WARN_UNUSED_FUNCTION = YES;
				GCC_WARN_UNUSED_VARIABLE = YES;
				PRODUCT_NAME = "AlphaLive Updater";
				SDKROOT = macosx;
				WARNING_CFLAGS = "-Wreorder";
				ZERO_LINK = NO;
			};
			name = Debug;
		};
/* End XCBuildConfiguration section */

/* Begin XCConfigurationList section */
		2D0BF87967E985EE9B8DBB51 = {
			isa = XCConfigurationList;
			buildConfigurations = (
				795244BB67EE85FF8120E7E8,
				54EBC27CD951784EE0DCA402,
			);
			defaultConfigurationIsVisible = 0;
			defaultConfigurationName = Debug;
		};
		5DE39EBA0179FC5D43A159EE = {
			isa = XCConfigurationList;
			buildConfigurations = (
				AD6CD09F3F55D2158D843621,
				C20643F7A577E6089581C897,
			);
			defaultConfigurationIsVisible = 0;
			defaultConfigurationName = Debug;
		};
/* End XCConfigurationList section */
	};
	rootObject = F13D752BD02F59328EDE5188 /* Project object */;
}
